
Microsoft Visual Studio Solution File, Format Version 10.00
# Visual Studio 2008
Project("{8BC9CEB9-8B4A-11D0-8D11-00A0C91BC942}") = "acad.exe", "..\..\..\Program Files\AutoCAD 2010\acad.exe", "{04348DC0-F4BB-4B87-83CA-26E446761C62}"
	ProjectSection(DebuggerProjectSystem) = preProject
		PortSupplier = 00000000-0000-0000-0000-000000000000
		Executable = C:\Program Files\Autodesk\AutoCAD 2011\acad.exe
		RemoteMachine = SYS99
		StartingDirectory = C:\Program Files\Autodesk\AutoCAD 2011
		Environment = Default
		LaunchingEngine = 5fff7536-0c87-462d-8fd2-7971d948e6dc
		LaunchSQLEngine = No
		AttachLaunchAction = No
	EndProjectSection
EndProject
Project("{8BC9CEB8-8B4A-11D0-8D11-00A0C91BC942}") = "Grid", "Grid\Grid.vcproj", "{38E79D15-545D-4E19-83C2-70C90165B43C}"
EndProject
Global
	GlobalSection(SolutionConfigurationPlatforms) = preSolution
		Debug ACAD|Any CPU = Debug ACAD|Any CPU
		Debug ACAD|Mixed Platforms = Debug ACAD|Mixed Platforms
		Debug ACAD|Win32 = Debug ACAD|Win32
		Debug ACAD|x64 = Debug ACAD|x64
		Debug MEP|Any CPU = Debug MEP|Any CPU
		Debug MEP|Mixed Platforms = Debug MEP|Mixed Platforms
		Debug MEP|Win32 = Debug MEP|Win32
		Debug MEP|x64 = Debug MEP|x64
		Debug|Any CPU = Debug|Any CPU
		Debug|Mixed Platforms = Debug|Mixed Platforms
		Debug|Win32 = Debug|Win32
		Debug|x64 = Debug|x64
		Release x64|Any CPU = Release x64|Any CPU
		Release x64|Mixed Platforms = Release x64|Mixed Platforms
		Release x64|Win32 = Release x64|Win32
		Release x64|x64 = Release x64|x64
		Release|Any CPU = Release|Any CPU
		Release|Mixed Platforms = Release|Mixed Platforms
		Release|Win32 = Release|Win32
		Release|x64 = Release|x64
		Unicode Debug|Any CPU = Unicode Debug|Any CPU
		Unicode Debug|Mixed Platforms = Unicode Debug|Mixed Platforms
		Unicode Debug|Win32 = Unicode Debug|Win32
		Unicode Debug|x64 = Unicode Debug|x64
		Unicode Release|Any CPU = Unicode Release|Any CPU
		Unicode Release|Mixed Platforms = Unicode Release|Mixed Platforms
		Unicode Release|Win32 = Unicode Release|Win32
		Unicode Release|x64 = Unicode Release|x64
	EndGlobalSection
	GlobalSection(ProjectConfigurationPlatforms) = postSolution
		{04348DC0-F4BB-4B87-83CA-26E446761C62}.Debug ACAD|Any CPU.ActiveCfg = Debug
		{04348DC0-F4BB-4B87-83CA-26E446761C62}.Debug ACAD|Mixed Platforms.ActiveCfg = Debug
		{04348DC0-F4BB-4B87-83CA-26E446761C62}.Debug ACAD|Win32.ActiveCfg = Debug
		{04348DC0-F4BB-4B87-83CA-26E446761C62}.Debug ACAD|x64.ActiveCfg = Debug
		{04348DC0-F4BB-4B87-83CA-26E446761C62}.Debug MEP|Any CPU.ActiveCfg = Debug
		{04348DC0-F4BB-4B87-83CA-26E446761C62}.Debug MEP|Mixed Platforms.ActiveCfg = Debug
		{04348DC0-F4BB-4B87-83CA-26E446761C62}.Debug MEP|Win32.ActiveCfg = Debug
		{04348DC0-F4BB-4B87-83CA-26E446761C62}.Debug MEP|x64.ActiveCfg = Debug
		{04348DC0-F4BB-4B87-83CA-26E446761C62}.Debug|Any CPU.ActiveCfg = Debug
		{04348DC0-F4BB-4B87-83CA-26E446761C62}.Debug|Mixed Platforms.ActiveCfg = Debug
		{04348DC0-F4BB-4B87-83CA-26E446761C62}.Debug|Win32.ActiveCfg = Debug
		{04348DC0-F4BB-4B87-83CA-26E446761C62}.Debug|x64.ActiveCfg = Debug
		{04348DC0-F4BB-4B87-83CA-26E446761C62}.Release x64|Any CPU.ActiveCfg = Debug
		{04348DC0-F4BB-4B87-83CA-26E446761C62}.Release x64|Mixed Platforms.ActiveCfg = Debug
		{04348DC0-F4BB-4B87-83CA-26E446761C62}.Release x64|Win32.ActiveCfg = Debug
		{04348DC0-F4BB-4B87-83CA-26E446761C62}.Release x64|x64.ActiveCfg = Debug
		{04348DC0-F4BB-4B87-83CA-26E446761C62}.Release|Any CPU.ActiveCfg = Debug
		{04348DC0-F4BB-4B87-83CA-26E446761C62}.Release|Mixed Platforms.ActiveCfg = Debug
		{04348DC0-F4BB-4B87-83CA-26E446761C62}.Release|Win32.ActiveCfg = Debug
		{04348DC0-F4BB-4B87-83CA-26E446761C62}.Release|x64.ActiveCfg = Debug
		{04348DC0-F4BB-4B87-83CA-26E446761C62}.Unicode Debug|Any CPU.ActiveCfg = Debug
		{04348DC0-F4BB-4B87-83CA-26E446761C62}.Unicode Debug|Mixed Platforms.ActiveCfg = Debug
		{04348DC0-F4BB-4B87-83CA-26E446761C62}.Unicode Debug|Win32.ActiveCfg = Debug
		{04348DC0-F4BB-4B87-83CA-26E446761C62}.Unicode Debug|x64.ActiveCfg = Debug
		{04348DC0-F4BB-4B87-83CA-26E446761C62}.Unicode Release|Any CPU.ActiveCfg = Debug
		{04348DC0-F4BB-4B87-83CA-26E446761C62}.Unicode Release|Mixed Platforms.ActiveCfg = Debug
		{04348DC0-F4BB-4B87-83CA-26E446761C62}.Unicode Release|Win32.ActiveCfg = Debug
		{04348DC0-F4BB-4B87-83CA-26E446761C62}.Unicode Release|x64.ActiveCfg = Debug
		{38E79D15-545D-4E19-83C2-70C90165B43C}.Debug ACAD|Any CPU.ActiveCfg = Debug ACAD|x64
		{38E79D15-545D-4E19-83C2-70C90165B43C}.Debug ACAD|Mixed Platforms.ActiveCfg = Debug ACAD|x64
		{38E79D15-545D-4E19-83C2-70C90165B43C}.Debug ACAD|Mixed Platforms.Build.0 = Debug ACAD|x64
		{38E79D15-545D-4E19-83C2-70C90165B43C}.Debug ACAD|Win32.ActiveCfg = Debug ACAD|Win32
		{38E79D15-545D-4E19-83C2-70C90165B43C}.Debug ACAD|Win32.Build.0 = Debug ACAD|Win32
		{38E79D15-545D-4E19-83C2-70C90165B43C}.Debug ACAD|x64.ActiveCfg = Debug ACAD|x64
		{38E79D15-545D-4E19-83C2-70C90165B43C}.Debug ACAD|x64.Build.0 = Debug ACAD|x64
		{38E79D15-545D-4E19-83C2-70C90165B43C}.Debug MEP|Any CPU.ActiveCfg = Debug MEP|x64
		{38E79D15-545D-4E19-83C2-70C90165B43C}.Debug MEP|Mixed Platforms.ActiveCfg = Debug MEP|x64
		{38E79D15-545D-4E19-83C2-70C90165B43C}.Debug MEP|Mixed Platforms.Build.0 = Debug MEP|x64
		{38E79D15-545D-4E19-83C2-70C90165B43C}.Debug MEP|Win32.ActiveCfg = Debug MEP|Win32
		{38E79D15-545D-4E19-83C2-70C90165B43C}.Debug MEP|Win32.Build.0 = Debug MEP|Win32
		{38E79D15-545D-4E19-83C2-70C90165B43C}.Debug MEP|x64.ActiveCfg = Debug MEP|x64
		{38E79D15-545D-4E19-83C2-70C90165B43C}.Debug MEP|x64.Build.0 = Debug MEP|x64
		{38E79D15-545D-4E19-83C2-70C90165B43C}.Debug|Any CPU.ActiveCfg = Debug ACAD|x64
		{38E79D15-545D-4E19-83C2-70C90165B43C}.Debug|Mixed Platforms.ActiveCfg = Debug ACAD|x64
		{38E79D15-545D-4E19-83C2-70C90165B43C}.Debug|Mixed Platforms.Build.0 = Debug ACAD|x64
		{38E79D15-545D-4E19-83C2-70C90165B43C}.Debug|Win32.ActiveCfg = Debug ACAD|Win32
		{38E79D15-545D-4E19-83C2-70C90165B43C}.Debug|x64.ActiveCfg = Debug ACAD|x64
		{38E79D15-545D-4E19-83C2-70C90165B43C}.Debug|x64.Build.0 = Debug ACAD|x64
		{38E79D15-545D-4E19-83C2-70C90165B43C}.Release x64|Any CPU.ActiveCfg = Release x64|x64
		{38E79D15-545D-4E19-83C2-70C90165B43C}.Release x64|Mixed Platforms.ActiveCfg = Release x64|x64
		{38E79D15-545D-4E19-83C2-70C90165B43C}.Release x64|Mixed Platforms.Build.0 = Release x64|x64
		{38E79D15-545D-4E19-83C2-70C90165B43C}.Release x64|Win32.ActiveCfg = Release x64|Win32
		{38E79D15-545D-4E19-83C2-70C90165B43C}.Release x64|Win32.Build.0 = Release x64|Win32
		{38E79D15-545D-4E19-83C2-70C90165B43C}.Release x64|x64.ActiveCfg = Release x64|x64
		{38E79D15-545D-4E19-83C2-70C90165B43C}.Release x64|x64.Build.0 = Release x64|x64
		{38E79D15-545D-4E19-83C2-70C90165B43C}.Release|Any CPU.ActiveCfg = Release|x64
		{38E79D15-545D-4E19-83C2-70C90165B43C}.Release|Mixed Platforms.ActiveCfg = Release|x64
		{38E79D15-545D-4E19-83C2-70C90165B43C}.Release|Mixed Platforms.Build.0 = Release|x64
		{38E79D15-545D-4E19-83C2-70C90165B43C}.Release|Win32.ActiveCfg = Release|Win32
		{38E79D15-545D-4E19-83C2-70C90165B43C}.Release|Win32.Build.0 = Release|Win32
		{38E79D15-545D-4E19-83C2-70C90165B43C}.Release|x64.ActiveCfg = Release|x64
		{38E79D15-545D-4E19-83C2-70C90165B43C}.Release|x64.Build.0 = Release|x64
		{38E79D15-545D-4E19-83C2-70C90165B43C}.Unicode Debug|Any CPU.ActiveCfg = Debug ACAD|x64
		{38E79D15-545D-4E19-83C2-70C90165B43C}.Unicode Debug|Mixed Platforms.ActiveCfg = Debug ACAD|x64
		{38E79D15-545D-4E19-83C2-70C90165B43C}.Unicode Debug|Mixed Platforms.Build.0 = Debug ACAD|x64
		{38E79D15-545D-4E19-83C2-70C90165B43C}.Unicode Debug|Win32.ActiveCfg = Debug MEP|Win32
		{38E79D15-545D-4E19-83C2-70C90165B43C}.Unicode Debug|Win32.Build.0 = Debug MEP|Win32
		{38E79D15-545D-4E19-83C2-70C90165B43C}.Unicode Debug|x64.ActiveCfg = Debug ACAD|x64
		{38E79D15-545D-4E19-83C2-70C90165B43C}.Unicode Debug|x64.Build.0 = Debug ACAD|x64
		{38E79D15-545D-4E19-83C2-70C90165B43C}.Unicode Release|Any CPU.ActiveCfg = Release|x64
		{38E79D15-545D-4E19-83C2-70C90165B43C}.Unicode Release|Mixed Platforms.ActiveCfg = Release|x64
		{38E79D15-545D-4E19-83C2-70C90165B43C}.Unicode Release|Mixed Platforms.Build.0 = Release|x64
		{38E79D15-545D-4E19-83C2-70C90165B43C}.Unicode Release|Win32.ActiveCfg = Release|Win32
		{38E79D15-545D-4E19-83C2-70C90165B43C}.Unicode Release|Win32.Build.0 = Release|Win32
		{38E79D15-545D-4E19-83C2-70C90165B43C}.Unicode Release|x64.ActiveCfg = Release|x64
		{38E79D15-545D-4E19-83C2-70C90165B43C}.Unicode Release|x64.Build.0 = Release|x64
	EndGlobalSection
	GlobalSection(SolutionProperties) = preSolution
		HideSolutionNode = FALSE
	EndGlobalSection
EndGlobal
